
Microsoft Visual Studio Solution File, Format Version 12.00
# Visual Studio Version 17
VisualStudioVersion = 17.5.2.0
MinimumVisualStudioVersion = 10.0.40219.1
Project("{FAE04EC0-301F-11D3-BF4B-00C04F79EFBC}") = "QASmartClass", "QASmartClass\QASmartClass.csproj", "{D5CD7B07-C735-BB38-374E-7EAE4B4BA255}"
EndProject
Project("{2150E333-8FDC-42A3-9474-1A3956D46DE8}") = "src", "src", "{827E0CD3-B72D-47B6-A68D-7590B98EB39B}"
EndProject
Project("{FAE04EC0-301F-11D3-BF4B-00C04F79EFBC}") = "QASmartClass.GradeTests", "src\QASmartClass.GradeTests\QASmartClass.GradeTests.csproj", "{F2956417-CDE5-4CEC-9F47-BB101AACD5EE}"
EndProject
Project("{FAE04EC0-301F-11D3-BF4B-00C04F79EFBC}") = "QASmartClass.KeyGen", "QASmartClass.KeyGen\QASmartClass.KeyGen.csproj", "{C462C14F-9004-424B-9E13-608E42A327A8}"
EndProject
Project("{FAE04EC0-301F-11D3-BF4B-00C04F79EFBC}") = "QASmartClass.Tests", "QASmartClass.Tests\QASmartClass.Tests.csproj", "{68445BE1-D357-4743-989D-77129FEC0F7E}"
EndProject
Project("{FAE04EC0-301F-11D3-BF4B-00C04F79EFBC}") = "SmartLibrary.Desktop", "SmartLibrary.Desktop\SmartLibrary.Desktop.csproj", "{B283D7E1-7031-4C53-84A4-639D8AF99A02}"
EndProject
Global
	GlobalSection(SolutionConfigurationPlatforms) = preSolution
		Debug|Any CPU = Debug|Any CPU
		Debug|x64 = Debug|x64
		Debug|x86 = Debug|x86
		Release|Any CPU = Release|Any CPU
		Release|x64 = Release|x64
		Release|x86 = Release|x86
	EndGlobalSection
	GlobalSection(ProjectConfigurationPlatforms) = postSolution
		{D5CD7B07-C735-BB38-374E-7EAE4B4BA255}.Debug|Any CPU.ActiveCfg = Debug|Any CPU
		{D5CD7B07-C735-BB38-374E-7EAE4B4BA255}.Debug|Any CPU.Build.0 = Debug|Any CPU
		{D5CD7B07-C735-BB38-374E-7EAE4B4BA255}.Debug|x64.ActiveCfg = Debug|Any CPU
		{D5CD7B07-C735-BB38-374E-7EAE4B4BA255}.Debug|x64.Build.0 = Debug|Any CPU
		{D5CD7B07-C735-BB38-374E-7EAE4B4BA255}.Debug|x86.ActiveCfg = Debug|Any CPU
		{D5CD7B07-C735-BB38-374E-7EAE4B4BA255}.Debug|x86.Build.0 = Debug|Any CPU
		{D5CD7B07-C735-BB38-374E-7EAE4B4BA255}.Release|Any CPU.ActiveCfg = Release|Any CPU
		{D5CD7B07-C735-BB38-374E-7EAE4B4BA255}.Release|Any CPU.Build.0 = Release|Any CPU
		{D5CD7B07-C735-BB38-374E-7EAE4B4BA255}.Release|x64.ActiveCfg = Release|Any CPU
		{D5CD7B07-C735-BB38-374E-7EAE4B4BA255}.Release|x64.Build.0 = Release|Any CPU
		{D5CD7B07-C735-BB38-374E-7EAE4B4BA255}.Release|x86.ActiveCfg = Release|Any CPU
		{D5CD7B07-C735-BB38-374E-7EAE4B4BA255}.Release|x86.Build.0 = Release|Any CPU
		{F2956417-CDE5-4CEC-9F47-BB101AACD5EE}.Debug|Any CPU.ActiveCfg = Debug|Any CPU
		{F2956417-CDE5-4CEC-9F47-BB101AACD5EE}.Debug|Any CPU.Build.0 = Debug|Any CPU
		{F2956417-CDE5-4CEC-9F47-BB101AACD5EE}.Debug|x64.ActiveCfg = Debug|Any CPU
		{F2956417-CDE5-4CEC-9F47-BB101AACD5EE}.Debug|x64.Build.0 = Debug|Any CPU
		{F2956417-CDE5-4CEC-9F47-BB101AACD5EE}.Debug|x86.ActiveCfg = Debug|Any CPU
		{F2956417-CDE5-4CEC-9F47-BB101AACD5EE}.Debug|x86.Build.0 = Debug|Any CPU
		{F2956417-CDE5-4CEC-9F47-BB101AACD5EE}.Release|Any CPU.ActiveCfg = Release|Any CPU
		{F2956417-CDE5-4CEC-9F47-BB101AACD5EE}.Release|Any CPU.Build.0 = Release|Any CPU
		{F2956417-CDE5-4CEC-9F47-BB101AACD5EE}.Release|x64.ActiveCfg = Release|Any CPU
		{F2956417-CDE5-4CEC-9F47-BB101AACD5EE}.Release|x64.Build.0 = Release|Any CPU
		{F2956417-CDE5-4CEC-9F47-BB101AACD5EE}.Release|x86.ActiveCfg = Release|Any CPU
		{F2956417-CDE5-4CEC-9F47-BB101AACD5EE}.Release|x86.Build.0 = Release|Any CPU
		{C462C14F-9004-424B-9E13-608E42A327A8}.Debug|Any CPU.ActiveCfg = Debug|Any CPU
		{C462C14F-9004-424B-9E13-608E42A327A8}.Debug|Any CPU.Build.0 = Debug|Any CPU
		{C462C14F-9004-424B-9E13-608E42A327A8}.Debug|x64.ActiveCfg = Debug|Any CPU
		{C462C14F-9004-424B-9E13-608E42A327A8}.Debug|x64.Build.0 = Debug|Any CPU
		{C462C14F-9004-424B-9E13-608E42A327A8}.Debug|x86.ActiveCfg = Debug|Any CPU
		{C462C14F-9004-424B-9E13-608E42A327A8}.Debug|x86.Build.0 = Debug|Any CPU
		{C462C14F-9004-424B-9E13-608E42A327A8}.Release|Any CPU.ActiveCfg = Release|Any CPU
		{C462C14F-9004-424B-9E13-608E42A327A8}.Release|Any CPU.Build.0 = Release|Any CPU
		{C462C14F-9004-424B-9E13-608E42A327A8}.Release|x64.ActiveCfg = Release|Any CPU
		{C462C14F-9004-424B-9E13-608E42A327A8}.Release|x64.Build.0 = Release|Any CPU
		{C462C14F-9004-424B-9E13-608E42A327A8}.Release|x86.ActiveCfg = Release|Any CPU
		{C462C14F-9004-424B-9E13-608E42A327A8}.Release|x86.Build.0 = Release|Any CPU
		{68445BE1-D357-4743-989D-77129FEC0F7E}.Debug|Any CPU.ActiveCfg = Debug|Any CPU
		{68445BE1-D357-4743-989D-77129FEC0F7E}.Debug|Any CPU.Build.0 = Debug|Any CPU
		{68445BE1-D357-4743-989D-77129FEC0F7E}.Debug|x64.ActiveCfg = Debug|Any CPU
		{68445BE1-D357-4743-989D-77129FEC0F7E}.Debug|x64.Build.0 = Debug|Any CPU
		{68445BE1-D357-4743-989D-77129FEC0F7E}.Debug|x86.ActiveCfg = Debug|Any CPU
		{68445BE1-D357-4743-989D-77129FEC0F7E}.Debug|x86.Build.0 = Debug|Any CPU
		{68445BE1-D357-4743-989D-77129FEC0F7E}.Release|Any CPU.ActiveCfg = Release|Any CPU
		{68445BE1-D357-4743-989D-77129FEC0F7E}.Release|Any CPU.Build.0 = Release|Any CPU
		{68445BE1-D357-4743-989D-77129FEC0F7E}.Release|x64.ActiveCfg = Release|Any CPU
		{68445BE1-D357-4743-989D-77129FEC0F7E}.Release|x64.Build.0 = Release|Any CPU
		{68445BE1-D357-4743-989D-77129FEC0F7E}.Release|x86.ActiveCfg = Release|Any CPU
		{68445BE1-D357-4743-989D-77129FEC0F7E}.Release|x86.Build.0 = Release|Any CPU
		{B283D7E1-7031-4C53-84A4-639D8AF99A02}.Debug|Any CPU.ActiveCfg = Debug|Any CPU
		{B283D7E1-7031-4C53-84A4-639D8AF99A02}.Debug|Any CPU.Build.0 = Debug|Any CPU
		{B283D7E1-7031-4C53-84A4-639D8AF99A02}.Debug|x64.ActiveCfg = Debug|Any CPU
		{B283D7E1-7031-4C53-84A4-639D8AF99A02}.Debug|x64.Build.0 = Debug|Any CPU
		{B283D7E1-7031-4C53-84A4-639D8AF99A02}.Debug|x86.ActiveCfg = Debug|Any CPU
		{B283D7E1-7031-4C53-84A4-639D8AF99A02}.Debug|x86.Build.0 = Debug|Any CPU
		{B283D7E1-7031-4C53-84A4-639D8AF99A02}.Release|Any CPU.ActiveCfg = Release|Any CPU
		{B283D7E1-7031-4C53-84A4-639D8AF99A02}.Release|Any CPU.Build.0 = Release|Any CPU
		{B283D7E1-7031-4C53-84A4-639D8AF99A02}.Release|x64.ActiveCfg = Release|Any CPU
		{B283D7E1-7031-4C53-84A4-639D8AF99A02}.Release|x64.Build.0 = Release|Any CPU
		{B283D7E1-7031-4C53-84A4-639D8AF99A02}.Release|x86.ActiveCfg = Release|Any CPU
		{B283D7E1-7031-4C53-84A4-639D8AF99A02}.Release|x86.Build.0 = Release|Any CPU
	EndGlobalSection
	GlobalSection(SolutionProperties) = preSolution
		HideSolutionNode = FALSE
	EndGlobalSection
	GlobalSection(NestedProjects) = preSolution
		{F2956417-CDE5-4CEC-9F47-BB101AACD5EE} = {827E0CD3-B72D-47B6-A68D-7590B98EB39B}
	EndGlobalSection
	GlobalSection(ExtensibilityGlobals) = postSolution
		SolutionGuid = {27F47916-C9A0-4F5B-B651-6A9140160BDA}
	EndGlobalSection
EndGlobal
